Microsoft Visual Studio Solution File, Format Version 12.00
# Visual Studio Version 17
VisualStudioVersion = 17.13.35913.81
MinimumVisualStudioVersion = 10.0.40219.1
Project("{FAE04EC0-301F-11D3-BF4B-00C04F79EFBC}") = "SnowMemoria", "SnowMemoria\SnowMemoria.csproj", "{6A3E2273-3B9D-47C6-8396-A5011C6051D9}"
EndProject
Global
	GlobalSection(SolutionConfigurationPlatforms) = preSolution
		Debug|Any CPU = Debug|Any CPU
		Release|Any CPU = Release|Any CPU
	EndGlobalSection
	GlobalSection(ProjectConfigurationPlatforms) = postSolution
		{6A3E2273-3B9D-47C6-8396-A5011C6051D9}.Debug|Any CPU.ActiveCfg = Debug|Any CPU
		{6A3E2273-3B9D-47C6-8396-A5011C6051D9}.Debug|Any CPU.Build.0 = Debug|Any CPU
		{6A3E2273-3B9D-47C6-8396-A5011C6051D9}.Release|Any CPU.ActiveCfg = Release|Any CPU
		{6A3E2273-3B9D-47C6-8396-A5011C6051D9}.Release|Any CPU.Build.0 = Release|Any CPU
	EndGlobalSection
	GlobalSection(SolutionProperties) = preSolution
		HideSolutionNode = FALSE
	EndGlobalSection
	GlobalSection(ExtensibilityGlobals) = postSolution
		SolutionGuid = {B33474AD-37A1-4629-8A19-79D528CA759A}
	EndGlobalSection
EndGlobal
